
Microsoft Visual Studio Solution File, Format Version 12.00
# Visual Studio Version 16
VisualStudioVersion = 16.0.31105.61
MinimumVisualStudioVersion = 10.0.40219.1
Project("{FAE04EC0-301F-11D3-BF4B-00C04F79EFBC}") = "WinChartApp", "WinChartApp\WinChartApp.csproj", "{A0873C27-EB2C-4F61-B6A7-5F3F63F97C14}"
EndProject
Project("{FAE04EC0-301F-11D3-BF4B-00C04F79EFBC}") = "ImageViewerApp", "ImageViewerApp\ImageViewerApp.csproj", "{D92BFBB1-5EC8-4BC2-9767-A7775CFE9A83}"
EndProject
Project("{FAE04EC0-301F-11D3-BF4B-00C04F79EFBC}") = "AddressInfoApp", "AddressInfoApp\AddressInfoApp.csproj", "{D584F853-5E31-4B98-A2F3-817247EF1A22}"
EndProject
Project("{FAE04EC0-301F-11D3-BF4B-00C04F79EFBC}") = "IoTSensorMonApp", "IoTSensorMonApp\IoTSensorMonApp.csproj", "{B43D453F-6D4D-4E1F-9551-0A6D1F4B384E}"
EndProject
Project("{FAE04EC0-301F-11D3-BF4B-00C04F79EFBC}") = "BookRentalShopApp", "BookRentalShopApp\BookRentalShopApp.csproj", "{0CBC56DE-E1BC-4E4A-A4E2-02FE1A32F8E2}"
EndProject
Global
	GlobalSection(SolutionConfigurationPlatforms) = preSolution
		Debug|Any CPU = Debug|Any CPU
		Release|Any CPU = Release|Any CPU
	EndGlobalSection
	GlobalSection(ProjectConfigurationPlatforms) = postSolution
		{A0873C27-EB2C-4F61-B6A7-5F3F63F97C14}.Debug|Any CPU.ActiveCfg = Debug|Any CPU
		{A0873C27-EB2C-4F61-B6A7-5F3F63F97C14}.Debug|Any CPU.Build.0 = Debug|Any CPU
		{A0873C27-EB2C-4F61-B6A7-5F3F63F97C14}.Release|Any CPU.ActiveCfg = Release|Any CPU
		{A0873C27-EB2C-4F61-B6A7-5F3F63F97C14}.Release|Any CPU.Build.0 = Release|Any CPU
		{D92BFBB1-5EC8-4BC2-9767-A7775CFE9A83}.Debug|Any CPU.ActiveCfg = Debug|Any CPU
		{D92BFBB1-5EC8-4BC2-9767-A7775CFE9A83}.Debug|Any CPU.Build.0 = Debug|Any CPU
		{D92BFBB1-5EC8-4BC2-9767-A7775CFE9A83}.Release|Any CPU.ActiveCfg = Release|Any CPU
		{D92BFBB1-5EC8-4BC2-9767-A7775CFE9A83}.Release|Any CPU.Build.0 = Release|Any CPU
		{D584F853-5E31-4B98-A2F3-817247EF1A22}.Debug|Any CPU.ActiveCfg = Debug|Any CPU
		{D584F853-5E31-4B98-A2F3-817247EF1A22}.Debug|Any CPU.Build.0 = Debug|Any CPU
		{D584F853-5E31-4B98-A2F3-817247EF1A22}.Release|Any CPU.ActiveCfg = Release|Any CPU
		{D584F853-5E31-4B98-A2F3-817247EF1A22}.Release|Any CPU.Build.0 = Release|Any CPU
		{B43D453F-6D4D-4E1F-9551-0A6D1F4B384E}.Debug|Any CPU.ActiveCfg = Debug|Any CPU
		{B43D453F-6D4D-4E1F-9551-0A6D1F4B384E}.Debug|Any CPU.Build.0 = Debug|Any CPU
		{B43D453F-6D4D-4E1F-9551-0A6D1F4B384E}.Release|Any CPU.ActiveCfg = Release|Any CPU
		{B43D453F-6D4D-4E1F-9551-0A6D1F4B384E}.Release|Any CPU.Build.0 = Release|Any CPU
		{0CBC56DE-E1BC-4E4A-A4E2-02FE1A32F8E2}.Debug|Any CPU.ActiveCfg = Debug|Any CPU
		{0CBC56DE-E1BC-4E4A-A4E2-02FE1A32F8E2}.Debug|Any CPU.Build.0 = Debug|Any CPU
		{0CBC56DE-E1BC-4E4A-A4E2-02FE1A32F8E2}.Release|Any CPU.ActiveCfg = Release|Any CPU
		{0CBC56DE-E1BC-4E4A-A4E2-02FE1A32F8E2}.Release|Any CPU.Build.0 = Release|Any CPU
	EndGlobalSection
	GlobalSection(SolutionProperties) = preSolution
		HideSolutionNode = FALSE
	EndGlobalSection
	GlobalSection(ExtensibilityGlobals) = postSolution
		SolutionGuid = {9F4DEBE7-B08D-45D0-990D-4382E45B5D58}
	EndGlobalSection
EndGlobal
