
Microsoft Visual Studio Solution File, Format Version 12.00
# Visual Studio Version 16
VisualStudioVersion = 16.0.31105.61
MinimumVisualStudioVersion = 10.0.40219.1
Project("{FAE04EC0-301F-11D3-BF4B-00C04F79EFBC}") = "MyNotePadApp", "MyNotePadApp\MyNotePadApp.csproj", "{809C4CEA-C87B-453C-B52C-0C9FEE72789E}"
EndProject
Global
	GlobalSection(SolutionConfigurationPlatforms) = preSolution
		Debug|Any CPU = Debug|Any CPU
		Release|Any CPU = Release|Any CPU
	EndGlobalSection
	GlobalSection(ProjectConfigurationPlatforms) = postSolution
		{809C4CEA-C87B-453C-B52C-0C9FEE72789E}.Debug|Any CPU.ActiveCfg = Debug|Any CPU
		{809C4CEA-C87B-453C-B52C-0C9FEE72789E}.Debug|Any CPU.Build.0 = Debug|Any CPU
		{809C4CEA-C87B-453C-B52C-0C9FEE72789E}.Release|Any CPU.ActiveCfg = Release|Any CPU
		{809C4CEA-C87B-453C-B52C-0C9FEE72789E}.Release|Any CPU.Build.0 = Release|Any CPU
	EndGlobalSection
	GlobalSection(SolutionProperties) = preSolution
		HideSolutionNode = FALSE
	EndGlobalSection
	GlobalSection(ExtensibilityGlobals) = postSolution
		SolutionGuid = {28167CE1-552C-4A17-B6C2-D027A59A67A3}
	EndGlobalSection
EndGlobal
